
Microsoft Visual Studio Solution File, Format Version 12.00
# Visual Studio Version 17
VisualStudioVersion = 17.0.31903.59
MinimumVisualStudioVersion = 10.0.40219.1
Project("{FAE04EC0-301F-11D3-BF4B-00C04F79EFBC}") = "SearchApi", "SearchApi.csproj", "{38737365-4BC4-4A44-BC7C-85568AD34966}"
EndProject
Project("{FAE04EC0-301F-11D3-BF4B-00C04F79EFBC}") = "UnitTest", "..\UnitTest\UnitTest.csproj", "{5FEF0AC1-ACA3-423B-9F83-D10E6824BAC7}"
EndProject
Global
	GlobalSection(SolutionConfigurationPlatforms) = preSolution
		Debug|Any CPU = Debug|Any CPU
		Release|Any CPU = Release|Any CPU
	EndGlobalSection
	GlobalSection(ProjectConfigurationPlatforms) = postSolution
		{38737365-4BC4-4A44-BC7C-85568AD34966}.Debug|Any CPU.ActiveCfg = Debug|Any CPU
		{38737365-4BC4-4A44-BC7C-85568AD34966}.Debug|Any CPU.Build.0 = Debug|Any CPU
		{38737365-4BC4-4A44-BC7C-85568AD34966}.Release|Any CPU.ActiveCfg = Release|Any CPU
		{38737365-4BC4-4A44-BC7C-85568AD34966}.Release|Any CPU.Build.0 = Release|Any CPU
		{5FEF0AC1-ACA3-423B-9F83-D10E6824BAC7}.Debug|Any CPU.ActiveCfg = Debug|Any CPU
		{5FEF0AC1-ACA3-423B-9F83-D10E6824BAC7}.Debug|Any CPU.Build.0 = Debug|Any CPU
		{5FEF0AC1-ACA3-423B-9F83-D10E6824BAC7}.Release|Any CPU.ActiveCfg = Release|Any CPU
		{5FEF0AC1-ACA3-423B-9F83-D10E6824BAC7}.Release|Any CPU.Build.0 = Release|Any CPU
	EndGlobalSection
	GlobalSection(SolutionProperties) = preSolution
		HideSolutionNode = FALSE
	EndGlobalSection
EndGlobal
